{
    "name": "auth-service",
    "version": "1.0.0",
    "lockfileVersion": 2,
    "requires": true,
    "dependencies": {
      "cors": {
        "version": "2.8.5",
        "resolved": "https://registry.npmjs.org/cors/-/cors-2.8.5.tgz",
        "integrity": "sha512-KJLy/jw87bINQe5JPf2d7OxwVAwvDvmVwsYyAI5P3U36B+zRG5RtvcO7Qh2a3z4MUFwZog0CfM6oLV9TqyMSoQ=="
      },
      "dotenv": {
        "version": "16.0.3",
        "resolved": "https://registry.npmjs.org/dotenv/-/dotenv-16.0.3.tgz",
        "integrity": "sha512-6zFKMHHnZX1gM7UcfXPG2XnP6v1u9CBJhPefyM+K84P7xB0WlGVOiCBxUQ5mv47TfUXe1O3MUrIQmHH8a0Y2ZQ=="
      },
      "express": {
        "version": "4.18.2",
        "resolved": "https://registry.npmjs.org/express/-/express-4.18.2.tgz",
        "integrity": "sha512-h8jvqZ7gUtX3Sn52lfU7cBcegYty3co03pPqNEhIftukZ5wLz3p5BRMbiMFsAAzdm9cAj9Fl+6M2zhSgc4PFdA=="
      },
      "mongoose": {
        "version": "6.7.0",
        "resolved": "https://registry.npmjs.org/mongoose/-/mongoose-6.7.0.tgz",
        "integrity": "sha512-mXXr8JS7YZHqGqQIoDC1fswGVKuc+qxRmEzG3bnR0O1pefu+euMlF2LfoTbyy5GcXscPLRzNkRAcDjWb3wbunA=="
      },
      "jsonwebtoken": {
        "version": "9.0.0",
        "resolved": "https://registry.npmjs.org/jsonwebtoken/-/jsonwebtoken-9.0.0.tgz",
        "integrity": "sha512-Y7zH6D4JOKyKACiLlF7MZJTYjseHFbF3p6E6tF8Hr9JKYYrT8z/RZb3T+GfhuF3YCOwC8xDwn8yRphPj3VeJrQ=="
      },
      "bcryptjs": {
        "version": "2.4.3",
        "resolved": "https://registry.npmjs.org/bcryptjs/-/bcryptjs-2.4.3.tgz",
        "integrity": "sha512-k8aW8seDBJ4l4UhljZwElymYcLsxxc0OlCnZcF6FwDObbb6y7cMEwoSP8ewAVuvdluA7eaU5GHyKm4UmXBJd3w=="
      },
      "nodemon": {
        "version": "2.0.20",
        "dev": true,
        "resolved": "https://registry.npmjs.org/nodemon/-/nodemon-2.0.20.tgz",
        "integrity": "sha512-YEvD1ohC6d0bbAS16CpWrOpEl5ZZfKN5MyODZc5cfbNYE1ov/Ny/UvVcfzUmepZy7TpYdR/wFg1TIsH2TizRkw=="
      }
    }
  }
  