{
    "name": "gateway-service",
    "version": "1.0.0",
    "lockfileVersion": 2,
    "requires": true,
    "dependencies": {
      "cors": {
        "version": "2.8.5",
        "resolved": "https://registry.npmjs.org/cors/-/cors-2.8.5.tgz",
        "integrity": "sha512-KJLy/jw87bINQe5JPf2d7OxwVAwvDvmVwsYyAI5P3U36B+zRG5RtvcO7Qh2a3z4MUFwZog0CfM6oLV9TqyMSoQ=="
      },
      "dotenv": {
        "version": "16.0.3",
        "resolved": "https://registry.npmjs.org/dotenv/-/dotenv-16.0.3.tgz",
        "integrity": "sha512-6zFKMHHnZX1gM7UcfXPG2XnP6v1u9CBJhPefyM+K84P7xB0WlGVOiCBxUQ5mv47TfUXe1O3MUrIQmHH8a0Y2ZQ=="
      },
      "express": {
        "version": "4.18.2",
        "resolved": "https://registry.npmjs.org/express/-/express-4.18.2.tgz",
        "integrity": "sha512-h8jvqZ7gUtX3Sn52lfU7cBcegYty3co03pPqNEhIftukZ5wLz3p5BRMbiMFsAAzdm9cAj9Fl+6M2zhSgc4PFdA=="
      },
      "http-proxy-middleware": {
        "version": "2.0.6",
        "resolved": "https://registry.npmjs.org/http-proxy-middleware/-/http-proxy-middleware-2.0.6.tgz",
        "integrity": "sha512-HYQuZ8X30lA/7M27PjZBqCzZSR1yd+z/9vKBAys29VGVsEJ2P65qUo6mRDV8+/S7m5K9wHyFtIzoAZ2M/IVd4w=="
      },
      "nodemon": {
        "version": "2.0.20",
        "dev": true,
        "resolved": "https://registry.npmjs.org/nodemon/-/nodemon-2.0.20.tgz",
        "integrity": "sha512-YEvD1ohC6d0bbAS16CpWrOpEl5ZZfKN5MyODZc5cfbNYE1ov/Ny/UvVcfzUmepZy7TpYdR/wFg1TIsH2TizRkw=="
      }
    }
  }
  